// !$*UTF8*$!
{
	archiveVersion = 1;
	classes = {
	};
	objectVersion = 50;
	objects = {

/* Begin PBXBuildFile section */
		A0A32C2625AB2F83005316FB /* AppDelegate.swift in Sources */ = {isa = PBXBuildFile; fileRef = A0A32C2525AB2F83005316FB /* AppDelegate.swift */; };
		A0A32C2825AB2F83005316FB /* SceneDelegate.swift in Sources */ = {isa = PBXBuildFile; fileRef = A0A32C2725AB2F83005316FB /* SceneDelegate.swift */; };
		A0A32C2A25AB2F83005316FB /* ContentView.swift in Sources */ = {isa = PBXBuildFile; fileRef = A0A32C2925AB2F83005316FB /* ContentView.swift */; };
		A0A32C2C25AB2F86005316FB /* Assets.xcassets in Resources */ = {isa = PBXBuildFile; fileRef = A0A32C2B25AB2F86005316FB /* Assets.xcassets */; };
		A0A32C2F25AB2F86005316FB /* Preview Assets.xcassets in Resources */ = {isa = PBXBuildFile; fileRef = A0A32C2E25AB2F86005316FB /* Preview Assets.xcassets */; };
		A0A32C3225AB2F86005316FB /* LaunchScreen.storyboard in Resources */ = {isa = PBXBuildFile; fileRef = A0A32C3025AB2F86005316FB /* LaunchScreen.storyboard */; };
/* End PBXBuildFile section */

/* Begin PBXFileReference section */
		A0A32C2225AB2F83005316FB /* ButtonAndToggle.app */ = {isa = PBXFileReference; explicitFileType = wrapper.application; includeInIndex = 0; path = ButtonAndToggle.app; sourceTree = BUILT_PRODUCTS_DIR; };
		A0A32C2525AB2F83005316FB /* AppDelegate.swift */ = {isa = PBXFileReference; lastKnownFileType = sourcecode.swift; path = AppDelegate.swift; sourceTree = "<group>"; };
		A0A32C2725AB2F83005316FB /* SceneDelegate.swift */ = {isa = PBXFileReference; lastKnownFileType = sourcecode.swift; path = SceneDelegate.swift; sourceTree = "<group>"; };
		A0A32C2925AB2F83005316FB /* ContentView.swift */ = {isa = PBXFileReference; lastKnownFileType = sourcecode.swift; path = ContentView.swift; sourceTree = "<group>"; };
		A0A32C2B25AB2F86005316FB /* Assets.xcassets */ = {isa = PBXFileReference; lastKnownFileType = folder.assetcatalog; path = Assets.xcassets; sourceTree = "<group>"; };
		A0A32C2E25AB2F86005316FB /* Preview Assets.xcassets */ = {isa = PBXFileReference; lastKnownFileType = folder.assetcatalog; path = "Preview Assets.xcassets"; sourceTree = "<group>"; };
		A0A32C3125AB2F86005316FB /* Base */ = {isa = PBXFileReference; lastKnownFileType = file.storyboard; name = Base; path = Base.lproj/LaunchScreen.storyboard; sourceTree = "<group>"; };
		A0A32C3325AB2F86005316FB /* Info.plist */ = {isa = PBXFileReference; lastKnownFileType = text.plist.xml; path = Info.plist; sourceTree = "<group>"; };
/* End PBXFileReference section */

/* Begin PBXFrameworksBuildPhase section */
		A0A32C1F25AB2F83005316FB /* Frameworks */ = {
			isa = PBXFrameworksBuildPhase;
			buildActionMask = 2147483647;
			files = (
			);
			runOnlyForDeploymentPostprocessing = 0;
		};
/* End PBXFrameworksBuildPhase section */

/* Begin PBXGroup section */
		A0A32C1925AB2F83005316FB = {
			isa = PBXGroup;
			children = (
				A0A32C2425AB2F83005316FB /* ButtonAndToggle */,
				A0A32C2325AB2F83005316FB /* Products */,
			);
			sourceTree = "<group>";
		};
		A0A32C2325AB2F83005316FB /* Products */ = {
			isa = PBXGroup;
			children = (
				A0A32C2225AB2F83005316FB /* ButtonAndToggle.app */,
			);
			name = Products;
			sourceTree = "<group>";
		};
		A0A32C2425AB2F83005316FB /* ButtonAndToggle */ = {
			isa = PBXGroup;
			children = (
				A0A32C2525AB2F83005316FB /* AppDelegate.swift */,
				A0A32C2725AB2F83005316FB /* SceneDelegate.swift */,
				A0A32C2925AB2F83005316FB /* ContentView.swift */,
				A0A32C2B25AB2F86005316FB /* Assets.xcassets */,
				A0A32C3025AB2F86005316FB /* LaunchScreen.storyboard */,
				A0A32C3325AB2F86005316FB /* Info.plist */,
				A0A32C2D25AB2F86005316FB /* Preview Content */,
			);
			path = ButtonAndToggle;
			sourceTree = "<group>";
		};
		A0A32C2D25AB2F86005316FB /* Preview Content */ = {
			isa = PBXGroup;
			children = (
				A0A32C2E25AB2F86005316FB /* Preview Assets.xcassets */,
			);
			path = "Preview Content";
			sourceTree = "<group>";
		};
/* End PBXGroup section */

/* Begin PBXNativeTarget section */
		A0A32C2125AB2F83005316FB /* ButtonAndToggle */ = {
			isa = PBXNativeTarget;
			buildConfigurationList = A0A32C3625AB2F86005316FB /* Build configuration list for PBXNativeTarget "ButtonAndToggle" */;
			buildPhases = (
				A0A32C1E25AB2F83005316FB /* Sources */,
				A0A32C1F25AB2F83005316FB /* Frameworks */,
				A0A32C2025AB2F83005316FB /* Resources */,
			);
			buildRules = (
			);
			dependencies = (
			);
			name = ButtonAndToggle;
			productName = ButtonAndToggle;
			productReference = A0A32C2225AB2F83005316FB /* ButtonAndToggle.app */;
			productType = "com.apple.product-type.application";
		};
/* End PBXNativeTarget section */

/* Begin PBXProject section */
		A0A32C1A25AB2F83005316FB /* Project object */ = {
			isa = PBXProject;
			attributes = {
				LastSwiftUpdateCheck = 1140;
				LastUpgradeCheck = 1140;
				ORGANIZATIONNAME = "Shota Akizuki";
				TargetAttributes = {
					A0A32C2125AB2F83005316FB = {
						CreatedOnToolsVersion = 11.4.1;
					};
				};
			};
			buildConfigurationList = A0A32C1D25AB2F83005316FB /* Build configuration list for PBXProject "ButtonAndToggle" */;
			compatibilityVersion = "Xcode 9.3";
			developmentRegion = en;
			hasScannedForEncodings = 0;
			knownRegions = (
				en,
				Base,
			);
			mainGroup = A0A32C1925AB2F83005316FB;
			productRefGroup = A0A32C2325AB2F83005316FB /* Products */;
			projectDirPath = "";
			projectRoot = "";
			targets = (
				A0A32C2125AB2F83005316FB /* ButtonAndToggle */,
			);
		};
/* End PBXProject section */

/* Begin PBXResourcesBuildPhase section */
		A0A32C2025AB2F83005316FB /* Resources */ = {
			isa = PBXResourcesBuildPhase;
			buildActionMask = 2147483647;
			files = (
				A0A32C3225AB2F86005316FB /* LaunchScreen.storyboard in Resources */,
				A0A32C2F25AB2F86005316FB /* Preview Assets.xcassets in Resources */,
				A0A32C2C25AB2F86005316FB /* Assets.xcassets in Resources */,
			);
			runOnlyForDeploymentPostprocessing = 0;
		};
/* End PBXResourcesBuildPhase section */

/* Begin PBXSourcesBuildPhase section */
		A0A32C1E25AB2F83005316FB /* Sources */ = {
			isa = PBXSourcesBuildPhase;
			buildActionMask = 2147483647;
			files = (
				A0A32C2625AB2F83005316FB /* AppDelegate.swift in Sources */,
				A0A32C2825AB2F83005316FB /* SceneDelegate.swift in Sources */,
				A0A32C2A25AB2F83005316FB /* ContentView.swift in Sources */,
			);
			runOnlyForDeploymentPostprocessing = 0;
		};
/* End PBXSourcesBuildPhase section */

/* Begin PBXVariantGroup section */
		A0A32C3025AB2F86005316FB /* LaunchScreen.storyboard */ = {
			isa = PBXVariantGroup;
			children = (
				A0A32C3125AB2F86005316FB /* Base */,
			);
			name = LaunchScreen.storyboard;
			sourceTree = "<group>";
		};
/* End PBXVariantGroup section */

/* Begin XCBuildConfiguration section */
		A0A32C3425AB2F86005316FB /* Debug */ = {
			isa = XCBuildConfiguration;
			buildSettings = {
				ALWAYS_SEARCH_USER_PATHS = NO;
				CLANG_ANALYZER_NONNULL = YES;
				CLANG_ANALYZER_NUMBER_OBJECT_CONVERSION = YES_AGGRESSIVE;
				CLANG_CXX_LANGUAGE_STANDARD = "gnu++14";
				CLANG_CXX_LIBRARY = "libc++";
				CLANG_ENABLE_MODULES = YES;
				CLANG_ENABLE_OBJC_ARC = YES;
				CLANG_ENABLE_OBJC_WEAK = YES;
				CLANG_WARN_BLOCK_CAPTURE_AUTORELEASING = YES;
				CLANG_WARN_BOOL_CONVERSION = YES;
				CLANG_WARN_COMMA = YES;
				CLANG_WARN_CONSTANT_CONVERSION = YES;
				CLANG_WARN_DEPRECATED_OBJC_IMPLEMENTATIONS = YES;
				CLANG_WARN_DIRECT_OBJC_ISA_USAGE = YES_ERROR;
				CLANG_WARN_DOCUMENTATION_COMMENTS = YES;
				CLANG_WARN_EMPTY_BODY = YES;
				CLANG_WARN_ENUM_CONVERSION = YES;
				CLANG_WARN_INFINITE_RECURSION = YES;
				CLANG_WARN_INT_CONVERSION = YES;
				CLANG_WARN_NON_LITERAL_NULL_CONVERSION = YES;
				CLANG_WARN_OBJC_IMPLICIT_RETAIN_SELF = YES;
				CLANG_WARN_OBJC_LITERAL_CONVERSION = YES;
				CLANG_WARN_OBJC_ROOT_CLASS = YES_ERROR;
				CLANG_WARN_RANGE_LOOP_ANALYSIS = YES;
				CLANG_WARN_STRICT_PROTOTYPES = YES;
				CLANG_WARN_SUSPICIOUS_MOVE = YES;
				CLANG_WARN_UNGUARDED_AVAILABILITY = YES_AGGRESSIVE;
				CLANG_WARN_UNREACHABLE_CODE = YES;
				CLANG_WARN__DUPLICATE_METHOD_MATCH = YES;
				COPY_PHASE_STRIP = NO;
				DEBUG_INFORMATION_FORMAT = dwarf;
				ENABLE_STRICT_OBJC_MSGSEND = YES;
				ENABLE_TESTABILITY = YES;
				GCC_C_LANGUAGE_STANDARD = gnu11;
				GCC_DYNAMIC_NO_PIC = NO;
				GCC_NO_COMMON_BLOCKS = YES;
				GCC_OPTIMIZATION_LEVEL = 0;
				GCC_PREPROCESSOR_DEFINITIONS = (
					"DEBUG=1",
					"$(inherited)",
				);
				GCC_WARN_64_TO_32_BIT_CONVERSION = YES;
				GCC_WARN_ABOUT_RETURN_TYPE = YES_ERROR;
				GCC_WARN_UNDECLARED_SELECTOR = YES;
				GCC_WARN_UNINITIALIZED_AUTOS = YES_AGGRESSIVE;
				GCC_WARN_UNUSED_FUNCTION = YES;
				GCC_WARN_UNUSED_VARIABLE = YES;
				IPHONEOS_DEPLOYMENT_TARGET = 13.4;
				MTL_ENABLE_DEBUG_INFO = INCLUDE_SOURCE;
				MTL_FAST_MATH = YES;
				ONLY_ACTIVE_ARCH = YES;
				SDKROOT = iphoneos;
				SWIFT_ACTIVE_COMPILATION_CONDITIONS = DEBUG;
				SWIFT_OPTIMIZATION_LEVEL = "-Onone";
			};
			name = Debug;
		};
		A0A32C3525AB2F86005316FB /* Release */ = {
			isa = XCBuildConfiguration;
			buildSettings = {
				ALWAYS_SEARCH_USER_PATHS = NO;
				CLANG_ANALYZER_NONNULL = YES;
				CLANG_ANALYZER_NUMBER_OBJECT_CONVERSION = YES_AGGRESSIVE;
				CLANG_CXX_LANGUAGE_STANDARD = "gnu++14";
				CLANG_CXX_LIBRARY = "libc++";
				CLANG_ENABLE_MODULES = YES;
				CLANG_ENABLE_OBJC_ARC = YES;
				CLANG_ENABLE_OBJC_WEAK = YES;
				CLANG_WARN_BLOCK_CAPTURE_AUTORELEASING = YES;
				CLANG_WARN_BOOL_CONVERSION = YES;
				CLANG_WARN_COMMA = YES;
				CLANG_WARN_CONSTANT_CONVERSION = YES;
				CLANG_WARN_DEPRECATED_OBJC_IMPLEMENTATIONS = YES;
				CLANG_WARN_DIRECT_OBJC_ISA_USAGE = YES_ERROR;
				CLANG_WARN_DOCUMENTATION_COMMENTS = YES;
				CLANG_WARN_EMPTY_BODY = YES;
				CLANG_WARN_ENUM_CONVERSION = YES;
				CLANG_WARN_INFINITE_RECURSION = YES;
				CLANG_WARN_INT_CONVERSION = YES;
				CLANG_WARN_NON_LITERAL_NULL_CONVERSION = YES;
				CLANG_WARN_OBJC_IMPLICIT_RETAIN_SELF = YES;
				CLANG_WARN_OBJC_LITERAL_CONVERSION = YES;
				CLANG_WARN_OBJC_ROOT_CLASS = YES_ERROR;
				CLANG_WARN_RANGE_LOOP_ANALYSIS = YES;
				CLANG_WARN_STRICT_PROTOTYPES = YES;
				CLANG_WARN_SUSPICIOUS_MOVE = YES;
				CLANG_WARN_UNGUARDED_AVAILABILITY = YES_AGGRESSIVE;
				CLANG_WARN_UNREACHABLE_CODE = YES;
				CLANG_WARN__DUPLICATE_METHOD_MATCH = YES;
				COPY_PHASE_STRIP = NO;
				DEBUG_INFORMATION_FORMAT = "dwarf-with-dsym";
				ENABLE_NS_ASSERTIONS = NO;
				ENABLE_STRICT_OBJC_MSGSEND = YES;
				GCC_C_LANGUAGE_STANDARD = gnu11;
				GCC_NO_COMMON_BLOCKS = YES;
				GCC_WARN_64_TO_32_BIT_CONVERSION = YES;
				GCC_WARN_ABOUT_RETURN_TYPE = YES_ERROR;
				GCC_WARN_UNDECLARED_SELECTOR = YES;
				GCC_WARN_UNINITIALIZED_AUTOS = YES_AGGRESSIVE;
				GCC_WARN_UNUSED_FUNCTION = YES;
				GCC_WARN_UNUSED_VARIABLE = YES;
				IPHONEOS_DEPLOYMENT_TARGET = 13.4;
				MTL_ENABLE_DEBUG_INFO = NO;
				MTL_FAST_MATH = YES;
				SDKROOT = iphoneos;
				SWIFT_COMPILATION_MODE = wholemodule;
				SWIFT_OPTIMIZATION_LEVEL = "-O";
				VALIDATE_PRODUCT = YES;
			};
			name = Release;
		};
		A0A32C3725AB2F86005316FB /* Debug */ = {
			isa = XCBuildConfiguration;
			buildSettings = {
				ASSETCATALOG_COMPILER_APPICON_NAME = AppIcon;
				CODE_SIGN_STYLE = Automatic;
				DEVELOPMENT_ASSET_PATHS = "\"ButtonAndToggle/Preview Content\"";
				DEVELOPMENT_TEAM = WAR455A93H;
				ENABLE_PREVIEWS = YES;
				INFOPLIST_FILE = ButtonAndToggle/Info.plist;
				LD_RUNPATH_SEARCH_PATHS = (
					"$(inherited)",
					"@executable_path/Frameworks",
				);
				PRODUCT_BUNDLE_IDENTIFIER = com.ShotaAkizuki.ButtonAndToggle;
				PRODUCT_NAME = "$(TARGET_NAME)";
				SWIFT_VERSION = 5.0;
				TARGETED_DEVICE_FAMILY = "1,2";
			};
			name = Debug;
		};
		A0A32C3825AB2F86005316FB /* Release */ = {
			isa = XCBuildConfiguration;
			buildSettings = {
				ASSETCATALOG_COMPILER_APPICON_NAME = AppIcon;
				CODE_SIGN_STYLE = Automatic;
				DEVELOPMENT_ASSET_PATHS = "\"ButtonAndToggle/Preview Content\"";
				DEVELOPMENT_TEAM = WAR455A93H;
				ENABLE_PREVIEWS = YES;
				INFOPLIST_FILE = ButtonAndToggle/Info.plist;
				LD_RUNPATH_SEARCH_PATHS = (
					"$(inherited)",
					"@executable_path/Frameworks",
				);
				PRODUCT_BUNDLE_IDENTIFIER = com.ShotaAkizuki.ButtonAndToggle;
				PRODUCT_NAME = "$(TARGET_NAME)";
				SWIFT_VERSION = 5.0;
				TARGETED_DEVICE_FAMILY = "1,2";
			};
			name = Release;
		};
/* End XCBuildConfiguration section */

/* Begin XCConfigurationList section */
		A0A32C1D25AB2F83005316FB /* Build configuration list for PBXProject "ButtonAndToggle" */ = {
			isa = XCConfigurationList;
			buildConfigurations = (
				A0A32C3425AB2F86005316FB /* Debug */,
				A0A32C3525AB2F86005316FB /* Release */,
			);
			defaultConfigurationIsVisible = 0;
			defaultConfigurationName = Release;
		};
		A0A32C3625AB2F86005316FB /* Build configuration list for PBXNativeTarget "ButtonAndToggle" */ = {
			isa = XCConfigurationList;
			buildConfigurations = (
				A0A32C3725AB2F86005316FB /* Debug */,
				A0A32C3825AB2F86005316FB /* Release */,
			);
			defaultConfigurationIsVisible = 0;
			defaultConfigurationName = Release;
		};
/* End XCConfigurationList section */
	};
	rootObject = A0A32C1A25AB2F83005316FB /* Project object */;
}
